
Microsoft Visual Studio Solution File, Format Version 12.00
# Visual Studio 15
VisualStudioVersion = 15.0.28307.329
MinimumVisualStudioVersion = 10.0.40219.1
Project("{FAE04EC0-301F-11D3-BF4B-00C04F79EFBC}") = "StartupRating", "StartupRating\StartupRating.csproj", "{802D7A3A-3F24-4F34-9D69-5C1ABAE57184}"
EndProject
Global
	GlobalSection(SolutionConfigurationPlatforms) = preSolution
		Debug|Any CPU = Debug|Any CPU
		Release|Any CPU = Release|Any CPU
	EndGlobalSection
	GlobalSection(ProjectConfigurationPlatforms) = postSolution
		{802D7A3A-3F24-4F34-9D69-5C1ABAE57184}.Debug|Any CPU.ActiveCfg = Debug|Any CPU
		{802D7A3A-3F24-4F34-9D69-5C1ABAE57184}.Debug|Any CPU.Build.0 = Debug|Any CPU
		{802D7A3A-3F24-4F34-9D69-5C1ABAE57184}.Release|Any CPU.ActiveCfg = Release|Any CPU
		{802D7A3A-3F24-4F34-9D69-5C1ABAE57184}.Release|Any CPU.Build.0 = Release|Any CPU
	EndGlobalSection
	GlobalSection(SolutionProperties) = preSolution
		HideSolutionNode = FALSE
	EndGlobalSection
	GlobalSection(ExtensibilityGlobals) = postSolution
		SolutionGuid = {5576EE76-564A-42A4-866D-FA67E985FB66}
	EndGlobalSection
EndGlobal
